// !$*UTF8*$!
{
	archiveVersion = 1;
	classes = {
	};
	objectVersion = 50;
	objects = {

/* Begin PBXBuildFile section */
		8127AE052098537E00262FB0 /* SlimGateway.framework in Frameworks */ = {isa = PBXBuildFile; fileRef = 8127ADFB2098537E00262FB0 /* SlimGateway.framework */; };
		8127AE0C2098537E00262FB0 /* SlimGateway.h in Headers */ = {isa = PBXBuildFile; fileRef = 8127ADFE2098537E00262FB0 /* SlimGateway.h */; settings = {ATTRIBUTES = (Public, ); }; };
		8127AE192098576A00262FB0 /* URLResultTests.swift in Sources */ = {isa = PBXBuildFile; fileRef = 8127AE182098576A00262FB0 /* URLResultTests.swift */; };
		8127AE1B2098583900262FB0 /* URLResult.swift in Sources */ = {isa = PBXBuildFile; fileRef = 8127AE1A2098583900262FB0 /* URLResult.swift */; };
		8127AE1D20985A1300262FB0 /* URLResource.swift in Sources */ = {isa = PBXBuildFile; fileRef = 8127AE1C20985A1300262FB0 /* URLResource.swift */; };
		8127AE1F2098610B00262FB0 /* TimeIntervalExtensions.swift in Sources */ = {isa = PBXBuildFile; fileRef = 8127AE1E2098610B00262FB0 /* TimeIntervalExtensions.swift */; };
		8127AE232098655A00262FB0 /* URLResourceTests.swift in Sources */ = {isa = PBXBuildFile; fileRef = 8127AE222098655A00262FB0 /* URLResourceTests.swift */; };
		8127AE252098674D00262FB0 /* greeting.json in Resources */ = {isa = PBXBuildFile; fileRef = 8127AE242098674D00262FB0 /* greeting.json */; };
		8127AE272098691E00262FB0 /* HiAndGoodbye.swift in Sources */ = {isa = PBXBuildFile; fileRef = 8127AE262098691E00262FB0 /* HiAndGoodbye.swift */; };
		8127AE2920986C8800262FB0 /* FileGateway.swift in Sources */ = {isa = PBXBuildFile; fileRef = 8127AE2820986C8800262FB0 /* FileGateway.swift */; };
		812CCDAA213BC23800564191 /* ParametersEncoding.swift in Sources */ = {isa = PBXBuildFile; fileRef = 812CCDA9213BC23800564191 /* ParametersEncoding.swift */; };
		812CCDAE213BD90E00564191 /* URLQueryRepresentable.swift in Sources */ = {isa = PBXBuildFile; fileRef = 812CCDAD213BD90E00564191 /* URLQueryRepresentable.swift */; };
		8184D266213CFB3E006C033E /* keys.plist in Resources */ = {isa = PBXBuildFile; fileRef = 8184D265213CFB3E006C033E /* keys.plist */; };
		81EB167E214D867C0018A398 /* Post.swift in Sources */ = {isa = PBXBuildFile; fileRef = 81EB167D214D867C0018A398 /* Post.swift */; };
		81FABEB7209F0E270092EEAC /* SlimGateway.swift in Sources */ = {isa = PBXBuildFile; fileRef = 81FABEB6209F0E270092EEAC /* SlimGateway.swift */; };
		81FABEBD209F0FF10092EEAC /* SlimGatewayTests.swift in Sources */ = {isa = PBXBuildFile; fileRef = 81FABEBC209F0FF10092EEAC /* SlimGatewayTests.swift */; };
		81FABEBF209F20F60092EEAC /* stations.json in Resources */ = {isa = PBXBuildFile; fileRef = 81FABEBE209F20F60092EEAC /* stations.json */; };
/* End PBXBuildFile section */

/* Begin PBXContainerItemProxy section */
		8127AE062098537E00262FB0 /* PBXContainerItemProxy */ = {
			isa = PBXContainerItemProxy;
			containerPortal = 8127ADF22098537E00262FB0 /* Project object */;
			proxyType = 1;
			remoteGlobalIDString = 8127ADFA2098537E00262FB0;
			remoteInfo = SlimGateway;
		};
/* End PBXContainerItemProxy section */

/* Begin PBXFileReference section */
		8127ADFB2098537E00262FB0 /* SlimGateway.framework */ = {isa = PBXFileReference; explicitFileType = wrapper.framework; includeInIndex = 0; path = SlimGateway.framework; sourceTree = BUILT_PRODUCTS_DIR; };
		8127ADFE2098537E00262FB0 /* SlimGateway.h */ = {isa = PBXFileReference; lastKnownFileType = sourcecode.c.h; path = SlimGateway.h; sourceTree = "<group>"; };
		8127ADFF2098537E00262FB0 /* Info.plist */ = {isa = PBXFileReference; lastKnownFileType = text.plist.xml; path = Info.plist; sourceTree = "<group>"; };
		8127AE042098537E00262FB0 /* SlimGatewayTests.xctest */ = {isa = PBXFileReference; explicitFileType = wrapper.cfbundle; includeInIndex = 0; path = SlimGatewayTests.xctest; sourceTree = BUILT_PRODUCTS_DIR; };
		8127AE0B2098537E00262FB0 /* Info.plist */ = {isa = PBXFileReference; lastKnownFileType = text.plist.xml; path = Info.plist; sourceTree = "<group>"; };
		8127AE182098576A00262FB0 /* URLResultTests.swift */ = {isa = PBXFileReference; lastKnownFileType = sourcecode.swift; path = URLResultTests.swift; sourceTree = "<group>"; };
		8127AE1A2098583900262FB0 /* URLResult.swift */ = {isa = PBXFileReference; lastKnownFileType = sourcecode.swift; path = URLResult.swift; sourceTree = "<group>"; };
		8127AE1C20985A1300262FB0 /* URLResource.swift */ = {isa = PBXFileReference; lastKnownFileType = sourcecode.swift; path = URLResource.swift; sourceTree = "<group>"; };
		8127AE1E2098610B00262FB0 /* TimeIntervalExtensions.swift */ = {isa = PBXFileReference; lastKnownFileType = sourcecode.swift; path = TimeIntervalExtensions.swift; sourceTree = "<group>"; };
		8127AE222098655A00262FB0 /* URLResourceTests.swift */ = {isa = PBXFileReference; lastKnownFileType = sourcecode.swift; path = URLResourceTests.swift; sourceTree = "<group>"; };
		8127AE242098674D00262FB0 /* greeting.json */ = {isa = PBXFileReference; lastKnownFileType = text.json; path = greeting.json; sourceTree = "<group>"; };
		8127AE262098691E00262FB0 /* HiAndGoodbye.swift */ = {isa = PBXFileReference; lastKnownFileType = sourcecode.swift; path = HiAndGoodbye.swift; sourceTree = "<group>"; };
		8127AE2820986C8800262FB0 /* FileGateway.swift */ = {isa = PBXFileReference; lastKnownFileType = sourcecode.swift; path = FileGateway.swift; sourceTree = "<group>"; };
		812CCDA5213AFE4100564191 /* urlcomponents.playground */ = {isa = PBXFileReference; lastKnownFileType = file.playground; path = urlcomponents.playground; sourceTree = "<group>"; xcLanguageSpecificationIdentifier = xcode.lang.swift; };
		812CCDA9213BC23800564191 /* ParametersEncoding.swift */ = {isa = PBXFileReference; lastKnownFileType = sourcecode.swift; path = ParametersEncoding.swift; sourceTree = "<group>"; };
		812CCDAD213BD90E00564191 /* URLQueryRepresentable.swift */ = {isa = PBXFileReference; lastKnownFileType = sourcecode.swift; path = URLQueryRepresentable.swift; sourceTree = "<group>"; };
		8184D265213CFB3E006C033E /* keys.plist */ = {isa = PBXFileReference; lastKnownFileType = text.plist.xml; path = keys.plist; sourceTree = "<group>"; };
		81EB167D214D867C0018A398 /* Post.swift */ = {isa = PBXFileReference; lastKnownFileType = sourcecode.swift; path = Post.swift; sourceTree = "<group>"; };
		81FABEB6209F0E270092EEAC /* SlimGateway.swift */ = {isa = PBXFileReference; lastKnownFileType = sourcecode.swift; path = SlimGateway.swift; sourceTree = "<group>"; };
		81FABEBC209F0FF10092EEAC /* SlimGatewayTests.swift */ = {isa = PBXFileReference; lastKnownFileType = sourcecode.swift; path = SlimGatewayTests.swift; sourceTree = "<group>"; };
		81FABEBE209F20F60092EEAC /* stations.json */ = {isa = PBXFileReference; lastKnownFileType = text.json; path = stations.json; sourceTree = "<group>"; };
/* End PBXFileReference section */

/* Begin PBXFrameworksBuildPhase section */
		8127ADF72098537E00262FB0 /* Frameworks */ = {
			isa = PBXFrameworksBuildPhase;
			buildActionMask = 2147483647;
			files = (
			);
			runOnlyForDeploymentPostprocessing = 0;
		};
		8127AE012098537E00262FB0 /* Frameworks */ = {
			isa = PBXFrameworksBuildPhase;
			buildActionMask = 2147483647;
			files = (
				8127AE052098537E00262FB0 /* SlimGateway.framework in Frameworks */,
			);
			runOnlyForDeploymentPostprocessing = 0;
		};
/* End PBXFrameworksBuildPhase section */

/* Begin PBXGroup section */
		8127ADF12098537E00262FB0 = {
			isa = PBXGroup;
			children = (
				8127ADFD2098537E00262FB0 /* SlimGateway */,
				8127AE082098537E00262FB0 /* SlimGatewayTests */,
				8127ADFC2098537E00262FB0 /* Products */,
				8184D268213CFD76006C033E /* Playgrounds */,
			);
			sourceTree = "<group>";
		};
		8127ADFC2098537E00262FB0 /* Products */ = {
			isa = PBXGroup;
			children = (
				8127ADFB2098537E00262FB0 /* SlimGateway.framework */,
				8127AE042098537E00262FB0 /* SlimGatewayTests.xctest */,
			);
			name = Products;
			sourceTree = "<group>";
		};
		8127ADFD2098537E00262FB0 /* SlimGateway */ = {
			isa = PBXGroup;
			children = (
				81FABEB6209F0E270092EEAC /* SlimGateway.swift */,
				8127AE1C20985A1300262FB0 /* URLResource.swift */,
				812CCDAD213BD90E00564191 /* URLQueryRepresentable.swift */,
				8127AE1A2098583900262FB0 /* URLResult.swift */,
				812CCDA9213BC23800564191 /* ParametersEncoding.swift */,
				8127AE1E2098610B00262FB0 /* TimeIntervalExtensions.swift */,
				8127ADFE2098537E00262FB0 /* SlimGateway.h */,
				8127ADFF2098537E00262FB0 /* Info.plist */,
			);
			path = SlimGateway;
			sourceTree = "<group>";
		};
		8127AE082098537E00262FB0 /* SlimGatewayTests */ = {
			isa = PBXGroup;
			children = (
				81FABEBC209F0FF10092EEAC /* SlimGatewayTests.swift */,
				8127AE182098576A00262FB0 /* URLResultTests.swift */,
				8127AE222098655A00262FB0 /* URLResourceTests.swift */,
				81EB167F214D86940018A398 /* Entity */,
				8184D267213CFCF9006C033E /* Mocks */,
				8184D265213CFB3E006C033E /* keys.plist */,
				8127AE0B2098537E00262FB0 /* Info.plist */,
			);
			path = SlimGatewayTests;
			sourceTree = "<group>";
		};
		8184D267213CFCF9006C033E /* Mocks */ = {
			isa = PBXGroup;
			children = (
				8127AE2820986C8800262FB0 /* FileGateway.swift */,
				8127AE242098674D00262FB0 /* greeting.json */,
				81FABEBE209F20F60092EEAC /* stations.json */,
			);
			path = Mocks;
			sourceTree = "<group>";
		};
		8184D268213CFD76006C033E /* Playgrounds */ = {
			isa = PBXGroup;
			children = (
				812CCDA5213AFE4100564191 /* urlcomponents.playground */,
			);
			path = Playgrounds;
			sourceTree = "<group>";
		};
		81EB167F214D86940018A398 /* Entity */ = {
			isa = PBXGroup;
			children = (
				8127AE262098691E00262FB0 /* HiAndGoodbye.swift */,
				81EB167D214D867C0018A398 /* Post.swift */,
			);
			path = Entity;
			sourceTree = "<group>";
		};
/* End PBXGroup section */

/* Begin PBXHeadersBuildPhase section */
		8127ADF82098537E00262FB0 /* Headers */ = {
			isa = PBXHeadersBuildPhase;
			buildActionMask = 2147483647;
			files = (
				8127AE0C2098537E00262FB0 /* SlimGateway.h in Headers */,
			);
			runOnlyForDeploymentPostprocessing = 0;
		};
/* End PBXHeadersBuildPhase section */

/* Begin PBXNativeTarget section */
		8127ADFA2098537E00262FB0 /* SlimGateway */ = {
			isa = PBXNativeTarget;
			buildConfigurationList = 8127AE0F2098537E00262FB0 /* Build configuration list for PBXNativeTarget "SlimGateway" */;
			buildPhases = (
				8127ADF62098537E00262FB0 /* Sources */,
				8127ADF72098537E00262FB0 /* Frameworks */,
				8127ADF82098537E00262FB0 /* Headers */,
				8127ADF92098537E00262FB0 /* Resources */,
			);
			buildRules = (
			);
			dependencies = (
			);
			name = SlimGateway;
			productName = SlimGateway;
			productReference = 8127ADFB2098537E00262FB0 /* SlimGateway.framework */;
			productType = "com.apple.product-type.framework";
		};
		8127AE032098537E00262FB0 /* SlimGatewayTests */ = {
			isa = PBXNativeTarget;
			buildConfigurationList = 8127AE122098537E00262FB0 /* Build configuration list for PBXNativeTarget "SlimGatewayTests" */;
			buildPhases = (
				8127AE002098537E00262FB0 /* Sources */,
				8127AE012098537E00262FB0 /* Frameworks */,
				8127AE022098537E00262FB0 /* Resources */,
			);
			buildRules = (
			);
			dependencies = (
				8127AE072098537E00262FB0 /* PBXTargetDependency */,
			);
			name = SlimGatewayTests;
			productName = SlimGatewayTests;
			productReference = 8127AE042098537E00262FB0 /* SlimGatewayTests.xctest */;
			productType = "com.apple.product-type.bundle.unit-test";
		};
/* End PBXNativeTarget section */

/* Begin PBXProject section */
		8127ADF22098537E00262FB0 /* Project object */ = {
			isa = PBXProject;
			attributes = {
				LastSwiftUpdateCheck = 0930;
				LastUpgradeCheck = 0930;
				ORGANIZATIONNAME = "Juanjo García Villaescusa";
				TargetAttributes = {
					8127ADFA2098537E00262FB0 = {
						CreatedOnToolsVersion = 9.3;
						LastSwiftMigration = 1000;
					};
					8127AE032098537E00262FB0 = {
						CreatedOnToolsVersion = 9.3;
						LastSwiftMigration = 1000;
					};
				};
			};
			buildConfigurationList = 8127ADF52098537E00262FB0 /* Build configuration list for PBXProject "SlimGateway" */;
			compatibilityVersion = "Xcode 9.3";
			developmentRegion = en;
			hasScannedForEncodings = 0;
			knownRegions = (
				en,
			);
			mainGroup = 8127ADF12098537E00262FB0;
			productRefGroup = 8127ADFC2098537E00262FB0 /* Products */;
			projectDirPath = "";
			projectRoot = "";
			targets = (
				8127ADFA2098537E00262FB0 /* SlimGateway */,
				8127AE032098537E00262FB0 /* SlimGatewayTests */,
			);
		};
/* End PBXProject section */

/* Begin PBXResourcesBuildPhase section */
		8127ADF92098537E00262FB0 /* Resources */ = {
			isa = PBXResourcesBuildPhase;
			buildActionMask = 2147483647;
			files = (
			);
			runOnlyForDeploymentPostprocessing = 0;
		};
		8127AE022098537E00262FB0 /* Resources */ = {
			isa = PBXResourcesBuildPhase;
			buildActionMask = 2147483647;
			files = (
				81FABEBF209F20F60092EEAC /* stations.json in Resources */,
				8127AE252098674D00262FB0 /* greeting.json in Resources */,
				8184D266213CFB3E006C033E /* keys.plist in Resources */,
			);
			runOnlyForDeploymentPostprocessing = 0;
		};
/* End PBXResourcesBuildPhase section */

/* Begin PBXSourcesBuildPhase section */
		8127ADF62098537E00262FB0 /* Sources */ = {
			isa = PBXSourcesBuildPhase;
			buildActionMask = 2147483647;
			files = (
				8127AE1B2098583900262FB0 /* URLResult.swift in Sources */,
				81FABEB7209F0E270092EEAC /* SlimGateway.swift in Sources */,
				8127AE1D20985A1300262FB0 /* URLResource.swift in Sources */,
				812CCDAE213BD90E00564191 /* URLQueryRepresentable.swift in Sources */,
				812CCDAA213BC23800564191 /* ParametersEncoding.swift in Sources */,
				8127AE1F2098610B00262FB0 /* TimeIntervalExtensions.swift in Sources */,
			);
			runOnlyForDeploymentPostprocessing = 0;
		};
		8127AE002098537E00262FB0 /* Sources */ = {
			isa = PBXSourcesBuildPhase;
			buildActionMask = 2147483647;
			files = (
				8127AE192098576A00262FB0 /* URLResultTests.swift in Sources */,
				8127AE272098691E00262FB0 /* HiAndGoodbye.swift in Sources */,
				8127AE2920986C8800262FB0 /* FileGateway.swift in Sources */,
				81EB167E214D867C0018A398 /* Post.swift in Sources */,
				81FABEBD209F0FF10092EEAC /* SlimGatewayTests.swift in Sources */,
				8127AE232098655A00262FB0 /* URLResourceTests.swift in Sources */,
			);
			runOnlyForDeploymentPostprocessing = 0;
		};
/* End PBXSourcesBuildPhase section */

/* Begin PBXTargetDependency section */
		8127AE072098537E00262FB0 /* PBXTargetDependency */ = {
			isa = PBXTargetDependency;
			target = 8127ADFA2098537E00262FB0 /* SlimGateway */;
			targetProxy = 8127AE062098537E00262FB0 /* PBXContainerItemProxy */;
		};
/* End PBXTargetDependency section */

/* Begin XCBuildConfiguration section */
		8127AE0D2098537E00262FB0 /* Debug */ = {
			isa = XCBuildConfiguration;
			buildSettings = {
				ALWAYS_SEARCH_USER_PATHS = NO;
				CLANG_ANALYZER_NONNULL = YES;
				CLANG_ANALYZER_NUMBER_OBJECT_CONVERSION = YES_AGGRESSIVE;
				CLANG_CXX_LANGUAGE_STANDARD = "gnu++14";
				CLANG_CXX_LIBRARY = "libc++";
				CLANG_ENABLE_MODULES = YES;
				CLANG_ENABLE_OBJC_ARC = YES;
				CLANG_ENABLE_OBJC_WEAK = YES;
				CLANG_WARN_BLOCK_CAPTURE_AUTORELEASING = YES;
				CLANG_WARN_BOOL_CONVERSION = YES;
				CLANG_WARN_COMMA = YES;
				CLANG_WARN_CONSTANT_CONVERSION = YES;
				CLANG_WARN_DEPRECATED_OBJC_IMPLEMENTATIONS = YES;
				CLANG_WARN_DIRECT_OBJC_ISA_USAGE = YES_ERROR;
				CLANG_WARN_DOCUMENTATION_COMMENTS = YES;
				CLANG_WARN_EMPTY_BODY = YES;
				CLANG_WARN_ENUM_CONVERSION = YES;
				CLANG_WARN_INFINITE_RECURSION = YES;
				CLANG_WARN_INT_CONVERSION = YES;
				CLANG_WARN_NON_LITERAL_NULL_CONVERSION = YES;
				CLANG_WARN_OBJC_IMPLICIT_RETAIN_SELF = YES;
				CLANG_WARN_OBJC_LITERAL_CONVERSION = YES;
				CLANG_WARN_OBJC_ROOT_CLASS = YES_ERROR;
				CLANG_WARN_RANGE_LOOP_ANALYSIS = YES;
				CLANG_WARN_STRICT_PROTOTYPES = YES;
				CLANG_WARN_SUSPICIOUS_MOVE = YES;
				CLANG_WARN_UNGUARDED_AVAILABILITY = YES_AGGRESSIVE;
				CLANG_WARN_UNREACHABLE_CODE = YES;
				CLANG_WARN__DUPLICATE_METHOD_MATCH = YES;
				CODE_SIGN_IDENTITY = "iPhone Developer";
				COPY_PHASE_STRIP = NO;
				CURRENT_PROJECT_VERSION = 1;
				DEBUG_INFORMATION_FORMAT = dwarf;
				ENABLE_STRICT_OBJC_MSGSEND = YES;
				ENABLE_TESTABILITY = YES;
				GCC_C_LANGUAGE_STANDARD = gnu11;
				GCC_DYNAMIC_NO_PIC = NO;
				GCC_NO_COMMON_BLOCKS = YES;
				GCC_OPTIMIZATION_LEVEL = 0;
				GCC_PREPROCESSOR_DEFINITIONS = (
					"DEBUG=1",
					"$(inherited)",
				);
				GCC_WARN_64_TO_32_BIT_CONVERSION = YES;
				GCC_WARN_ABOUT_RETURN_TYPE = YES_ERROR;
				GCC_WARN_UNDECLARED_SELECTOR = YES;
				GCC_WARN_UNINITIALIZED_AUTOS = YES_AGGRESSIVE;
				GCC_WARN_UNUSED_FUNCTION = YES;
				GCC_WARN_UNUSED_VARIABLE = YES;
				IPHONEOS_DEPLOYMENT_TARGET = 11.3;
				MTL_ENABLE_DEBUG_INFO = YES;
				ONLY_ACTIVE_ARCH = YES;
				SDKROOT = iphoneos;
				SWIFT_ACTIVE_COMPILATION_CONDITIONS = DEBUG;
				SWIFT_OPTIMIZATION_LEVEL = "-Onone";
				VERSIONING_SYSTEM = "apple-generic";
				VERSION_INFO_PREFIX = "";
			};
			name = Debug;
		};
		8127AE0E2098537E00262FB0 /* Release */ = {
			isa = XCBuildConfiguration;
			buildSettings = {
				ALWAYS_SEARCH_USER_PATHS = NO;
				CLANG_ANALYZER_NONNULL = YES;
				CLANG_ANALYZER_NUMBER_OBJECT_CONVERSION = YES_AGGRESSIVE;
				CLANG_CXX_LANGUAGE_STANDARD = "gnu++14";
				CLANG_CXX_LIBRARY = "libc++";
				CLANG_ENABLE_MODULES = YES;
				CLANG_ENABLE_OBJC_ARC = YES;
				CLANG_ENABLE_OBJC_WEAK = YES;
				CLANG_WARN_BLOCK_CAPTURE_AUTORELEASING = YES;
				CLANG_WARN_BOOL_CONVERSION = YES;
				CLANG_WARN_COMMA = YES;
				CLANG_WARN_CONSTANT_CONVERSION = YES;
				CLANG_WARN_DEPRECATED_OBJC_IMPLEMENTATIONS = YES;
				CLANG_WARN_DIRECT_OBJC_ISA_USAGE = YES_ERROR;
				CLANG_WARN_DOCUMENTATION_COMMENTS = YES;
				CLANG_WARN_EMPTY_BODY = YES;
				CLANG_WARN_ENUM_CONVERSION = YES;
				CLANG_WARN_INFINITE_RECURSION = YES;
				CLANG_WARN_INT_CONVERSION = YES;
				CLANG_WARN_NON_LITERAL_NULL_CONVERSION = YES;
				CLANG_WARN_OBJC_IMPLICIT_RETAIN_SELF = YES;
				CLANG_WARN_OBJC_LITERAL_CONVERSION = YES;
				CLANG_WARN_OBJC_ROOT_CLASS = YES_ERROR;
				CLANG_WARN_RANGE_LOOP_ANALYSIS = YES;
				CLANG_WARN_STRICT_PROTOTYPES = YES;
				CLANG_WARN_SUSPICIOUS_MOVE = YES;
				CLANG_WARN_UNGUARDED_AVAILABILITY = YES_AGGRESSIVE;
				CLANG_WARN_UNREACHABLE_CODE = YES;
				CLANG_WARN__DUPLICATE_METHOD_MATCH = YES;
				CODE_SIGN_IDENTITY = "iPhone Developer";
				COPY_PHASE_STRIP = NO;
				CURRENT_PROJECT_VERSION = 1;
				DEBUG_INFORMATION_FORMAT = "dwarf-with-dsym";
				ENABLE_NS_ASSERTIONS = NO;
				ENABLE_STRICT_OBJC_MSGSEND = YES;
				GCC_C_LANGUAGE_STANDARD = gnu11;
				GCC_NO_COMMON_BLOCKS = YES;
				GCC_WARN_64_TO_32_BIT_CONVERSION = YES;
				GCC_WARN_ABOUT_RETURN_TYPE = YES_ERROR;
				GCC_WARN_UNDECLARED_SELECTOR = YES;
				GCC_WARN_UNINITIALIZED_AUTOS = YES_AGGRESSIVE;
				GCC_WARN_UNUSED_FUNCTION = YES;
				GCC_WARN_UNUSED_VARIABLE = YES;
				IPHONEOS_DEPLOYMENT_TARGET = 11.3;
				MTL_ENABLE_DEBUG_INFO = NO;
				SDKROOT = iphoneos;
				SWIFT_COMPILATION_MODE = wholemodule;
				SWIFT_OPTIMIZATION_LEVEL = "-O";
				VALIDATE_PRODUCT = YES;
				VERSIONING_SYSTEM = "apple-generic";
				VERSION_INFO_PREFIX = "";
			};
			name = Release;
		};
		8127AE102098537E00262FB0 /* Debug */ = {
			isa = XCBuildConfiguration;
			buildSettings = {
				CLANG_ENABLE_MODULES = YES;
				CODE_SIGN_IDENTITY = "";
				CODE_SIGN_STYLE = Automatic;
				DEFINES_MODULE = YES;
				DEVELOPMENT_TEAM = ZV4G4K6D9Y;
				DYLIB_COMPATIBILITY_VERSION = 1;
				DYLIB_CURRENT_VERSION = 1;
				DYLIB_INSTALL_NAME_BASE = "@rpath";
				INFOPLIST_FILE = SlimGateway/Info.plist;
				INSTALL_PATH = "$(LOCAL_LIBRARY_DIR)/Frameworks";
				LD_RUNPATH_SEARCH_PATHS = (
					"$(inherited)",
					"@executable_path/Frameworks",
					"@loader_path/Frameworks",
				);
				PRODUCT_BUNDLE_IDENTIFIER = com.juanvillaescusa.SlimGateway;
				PRODUCT_NAME = "$(TARGET_NAME:c99extidentifier)";
				SKIP_INSTALL = YES;
				SWIFT_OPTIMIZATION_LEVEL = "-Onone";
				SWIFT_VERSION = 4.2;
				TARGETED_DEVICE_FAMILY = "1,2";
			};
			name = Debug;
		};
		8127AE112098537E00262FB0 /* Release */ = {
			isa = XCBuildConfiguration;
			buildSettings = {
				CLANG_ENABLE_MODULES = YES;
				CODE_SIGN_IDENTITY = "";
				CODE_SIGN_STYLE = Automatic;
				DEFINES_MODULE = YES;
				DEVELOPMENT_TEAM = ZV4G4K6D9Y;
				DYLIB_COMPATIBILITY_VERSION = 1;
				DYLIB_CURRENT_VERSION = 1;
				DYLIB_INSTALL_NAME_BASE = "@rpath";
				INFOPLIST_FILE = SlimGateway/Info.plist;
				INSTALL_PATH = "$(LOCAL_LIBRARY_DIR)/Frameworks";
				LD_RUNPATH_SEARCH_PATHS = (
					"$(inherited)",
					"@executable_path/Frameworks",
					"@loader_path/Frameworks",
				);
				PRODUCT_BUNDLE_IDENTIFIER = com.juanvillaescusa.SlimGateway;
				PRODUCT_NAME = "$(TARGET_NAME:c99extidentifier)";
				SKIP_INSTALL = YES;
				SWIFT_VERSION = 4.2;
				TARGETED_DEVICE_FAMILY = "1,2";
			};
			name = Release;
		};
		8127AE132098537E00262FB0 /* Debug */ = {
			isa = XCBuildConfiguration;
			buildSettings = {
				ALWAYS_EMBED_SWIFT_STANDARD_LIBRARIES = YES;
				CODE_SIGN_STYLE = Automatic;
				DEVELOPMENT_TEAM = 3Y3H33SRAT;
				INFOPLIST_FILE = SlimGatewayTests/Info.plist;
				LD_RUNPATH_SEARCH_PATHS = (
					"$(inherited)",
					"@executable_path/Frameworks",
					"@loader_path/Frameworks",
				);
				PRODUCT_BUNDLE_IDENTIFIER = com.juanvillaescusa.SlimGatewayTests;
				PRODUCT_NAME = "$(TARGET_NAME)";
				SWIFT_VERSION = 4.2;
				TARGETED_DEVICE_FAMILY = "1,2";
			};
			name = Debug;
		};
		8127AE142098537E00262FB0 /* Release */ = {
			isa = XCBuildConfiguration;
			buildSettings = {
				ALWAYS_EMBED_SWIFT_STANDARD_LIBRARIES = YES;
				CODE_SIGN_STYLE = Automatic;
				DEVELOPMENT_TEAM = 3Y3H33SRAT;
				INFOPLIST_FILE = SlimGatewayTests/Info.plist;
				LD_RUNPATH_SEARCH_PATHS = (
					"$(inherited)",
					"@executable_path/Frameworks",
					"@loader_path/Frameworks",
				);
				PRODUCT_BUNDLE_IDENTIFIER = com.juanvillaescusa.SlimGatewayTests;
				PRODUCT_NAME = "$(TARGET_NAME)";
				SWIFT_VERSION = 4.2;
				TARGETED_DEVICE_FAMILY = "1,2";
			};
			name = Release;
		};
/* End XCBuildConfiguration section */

/* Begin XCConfigurationList section */
		8127ADF52098537E00262FB0 /* Build configuration list for PBXProject "SlimGateway" */ = {
			isa = XCConfigurationList;
			buildConfigurations = (
				8127AE0D2098537E00262FB0 /* Debug */,
				8127AE0E2098537E00262FB0 /* Release */,
			);
			defaultConfigurationIsVisible = 0;
			defaultConfigurationName = Release;
		};
		8127AE0F2098537E00262FB0 /* Build configuration list for PBXNativeTarget "SlimGateway" */ = {
			isa = XCConfigurationList;
			buildConfigurations = (
				8127AE102098537E00262FB0 /* Debug */,
				8127AE112098537E00262FB0 /* Release */,
			);
			defaultConfigurationIsVisible = 0;
			defaultConfigurationName = Release;
		};
		8127AE122098537E00262FB0 /* Build configuration list for PBXNativeTarget "SlimGatewayTests" */ = {
			isa = XCConfigurationList;
			buildConfigurations = (
				8127AE132098537E00262FB0 /* Debug */,
				8127AE142098537E00262FB0 /* Release */,
			);
			defaultConfigurationIsVisible = 0;
			defaultConfigurationName = Release;
		};
/* End XCConfigurationList section */
	};
	rootObject = 8127ADF22098537E00262FB0 /* Project object */;
}
